# THIS IS AN AUTOGENERATED FILE. DO NOT EDIT THIS FILE DIRECTLY.
# yarn lockfile v1


pnpm@^6.23.2:
  version "6.23.2"
  resolved "https://registry.yarnpkg.com/pnpm/-/pnpm-6.23.2.tgz#eb51c48109686cdc740b7cdbc142f74be21845ba"
  integrity sha512-mb18ZY03mn1wxxco5COfyZgqAxBOfO8F3UU41p1XVSNnkVEUXHIKLRh9UBZjjZS2vO92EqgXd0ewsE3syDmfYw==
